
Microsoft Visual Studio Solution File, Format Version 12.00
# Visual Studio 15
VisualStudioVersion = 15.0.28307.489
MinimumVisualStudioVersion = 10.0.40219.1
Project("{9A19103F-16F7-4668-BE54-9A1E7A4F7556}") = "HbRoboticCase", "HbRoboticCase\HbRoboticCase.csproj", "{3514D59C-8B0B-4473-B10B-8475C081219A}"
EndProject
Project("{9A19103F-16F7-4668-BE54-9A1E7A4F7556}") = "HbRoboticCase.Tests", "HbRoboticCase.Tests\HbRoboticCase.Tests.csproj", "{648C4B14-54DB-46B2-AABE-EF13F06CB864}"
EndProject
Global
	GlobalSection(SolutionConfigurationPlatforms) = preSolution
		Debug|Any CPU = Debug|Any CPU
		Release|Any CPU = Release|Any CPU
	EndGlobalSection
	GlobalSection(ProjectConfigurationPlatforms) = postSolution
		{3514D59C-8B0B-4473-B10B-8475C081219A}.Debug|Any CPU.ActiveCfg = Debug|Any CPU
		{3514D59C-8B0B-4473-B10B-8475C081219A}.Debug|Any CPU.Build.0 = Debug|Any CPU
		{3514D59C-8B0B-4473-B10B-8475C081219A}.Release|Any CPU.ActiveCfg = Release|Any CPU
		{3514D59C-8B0B-4473-B10B-8475C081219A}.Release|Any CPU.Build.0 = Release|Any CPU
		{648C4B14-54DB-46B2-AABE-EF13F06CB864}.Debug|Any CPU.ActiveCfg = Debug|Any CPU
		{648C4B14-54DB-46B2-AABE-EF13F06CB864}.Debug|Any CPU.Build.0 = Debug|Any CPU
		{648C4B14-54DB-46B2-AABE-EF13F06CB864}.Release|Any CPU.ActiveCfg = Release|Any CPU
		{648C4B14-54DB-46B2-AABE-EF13F06CB864}.Release|Any CPU.Build.0 = Release|Any CPU
	EndGlobalSection
	GlobalSection(SolutionProperties) = preSolution
		HideSolutionNode = FALSE
	EndGlobalSection
	GlobalSection(ExtensibilityGlobals) = postSolution
		SolutionGuid = {6A7058A8-F031-435D-9293-3AA8654E6222}
	EndGlobalSection
EndGlobal
